// !$*UTF8*$!
{
	archiveVersion = 1;
	classes = {
	};
	objectVersion = 56;
	objects = {

/* Begin PBXBuildFile section */
		73450828297BC538001D6B17 /* GameProtocol.swift in Sources */ = {isa = PBXBuildFile; fileRef = 73450827297BC538001D6B17 /* GameProtocol.swift */; };
		7345082B297BC891001D6B17 /* Ocean.swift in Sources */ = {isa = PBXBuildFile; fileRef = 7345082A297BC891001D6B17 /* Ocean.swift */; };
		7345082D297BCD3F001D6B17 /* Player.swift in Sources */ = {isa = PBXBuildFile; fileRef = 7345082C297BCD3F001D6B17 /* Player.swift */; };
		7374DE242978BDF300BB4C98 /* AppDelegate.swift in Sources */ = {isa = PBXBuildFile; fileRef = 7374DE232978BDF300BB4C98 /* AppDelegate.swift */; };
		7374DE262978BDF300BB4C98 /* GameScene.sks in Resources */ = {isa = PBXBuildFile; fileRef = 7374DE252978BDF300BB4C98 /* GameScene.sks */; };
		7374DE2A2978BDF300BB4C98 /* GameScene.swift in Sources */ = {isa = PBXBuildFile; fileRef = 7374DE292978BDF300BB4C98 /* GameScene.swift */; };
		7374DE2C2978BDF300BB4C98 /* GameViewController.swift in Sources */ = {isa = PBXBuildFile; fileRef = 7374DE2B2978BDF300BB4C98 /* GameViewController.swift */; };
		7374DE2F2978BDF300BB4C98 /* Main.storyboard in Resources */ = {isa = PBXBuildFile; fileRef = 7374DE2D2978BDF300BB4C98 /* Main.storyboard */; };
		7374DE312978BDF400BB4C98 /* Assets.xcassets in Resources */ = {isa = PBXBuildFile; fileRef = 7374DE302978BDF400BB4C98 /* Assets.xcassets */; };
		7374DE342978BDF400BB4C98 /* LaunchScreen.storyboard in Resources */ = {isa = PBXBuildFile; fileRef = 7374DE322978BDF400BB4C98 /* LaunchScreen.storyboard */; };
		7374DE762978C10600BB4C98 /* bullet.png in Resources */ = {isa = PBXBuildFile; fileRef = 7374DE3C2978C10600BB4C98 /* bullet.png */; };
		7374DE772978C10600BB4C98 /* plane3.png in Resources */ = {isa = PBXBuildFile; fileRef = 7374DE3D2978C10600BB4C98 /* plane3.png */; };
		7374DE782978C10600BB4C98 /* plane2.png in Resources */ = {isa = PBXBuildFile; fileRef = 7374DE3E2978C10600BB4C98 /* plane2.png */; };
		7374DE792978C10600BB4C98 /* plane1.png in Resources */ = {isa = PBXBuildFile; fileRef = 7374DE3F2978C10600BB4C98 /* plane1.png */; };
		7374DE7A2978C10600BB4C98 /* backButton.png in Resources */ = {isa = PBXBuildFile; fileRef = 7374DE402978C10600BB4C98 /* backButton.png */; };
		7374DE7B2978C10600BB4C98 /* plane.png in Resources */ = {isa = PBXBuildFile; fileRef = 7374DE412978C10600BB4C98 /* plane.png */; };
		7374DE7C2978C10600BB4C98 /* island.png in Resources */ = {isa = PBXBuildFile; fileRef = 7374DE422978C10600BB4C98 /* island.png */; };
		7374DE7D2978C10600BB4C98 /* planeflash2.png in Resources */ = {isa = PBXBuildFile; fileRef = 7374DE432978C10600BB4C98 /* planeflash2.png */; };
		7374DE7E2978C10600BB4C98 /* clickMeButton.png in Resources */ = {isa = PBXBuildFile; fileRef = 7374DE442978C10600BB4C98 /* clickMeButton.png */; };
		7374DE7F2978C10600BB4C98 /* planeflash1.png in Resources */ = {isa = PBXBuildFile; fileRef = 7374DE452978C10600BB4C98 /* planeflash1.png */; };
		7374DE802978C10600BB4C98 /* ocean.gif in Resources */ = {isa = PBXBuildFile; fileRef = 7374DE462978C10600BB4C98 /* ocean.gif */; };
		7374DE812978C10600BB4C98 /* coin08.png in Resources */ = {isa = PBXBuildFile; fileRef = 7374DE472978C10600BB4C98 /* coin08.png */; };
		7374DE822978C10600BB4C98 /* coin09.png in Resources */ = {isa = PBXBuildFile; fileRef = 7374DE482978C10600BB4C98 /* coin09.png */; };
		7374DE832978C10600BB4C98 /* restartButton.png in Resources */ = {isa = PBXBuildFile; fileRef = 7374DE492978C10600BB4C98 /* restartButton.png */; };
		7374DE842978C10600BB4C98 /* coin10.png in Resources */ = {isa = PBXBuildFile; fileRef = 7374DE4A2978C10600BB4C98 /* coin10.png */; };
		7374DE852978C10600BB4C98 /* coin04.png in Resources */ = {isa = PBXBuildFile; fileRef = 7374DE4B2978C10600BB4C98 /* coin04.png */; };
		7374DE862978C10600BB4C98 /* smallexplosion4.png in Resources */ = {isa = PBXBuildFile; fileRef = 7374DE4C2978C10600BB4C98 /* smallexplosion4.png */; };
		7374DE872978C10600BB4C98 /* smallexplosion5.png in Resources */ = {isa = PBXBuildFile; fileRef = 7374DE4D2978C10600BB4C98 /* smallexplosion5.png */; };
		7374DE882978C10600BB4C98 /* coin05.png in Resources */ = {isa = PBXBuildFile; fileRef = 7374DE4E2978C10600BB4C98 /* coin05.png */; };
		7374DE892978C10600BB4C98 /* coin07.png in Resources */ = {isa = PBXBuildFile; fileRef = 7374DE4F2978C10600BB4C98 /* coin07.png */; };
		7374DE8A2978C10600BB4C98 /* smallexplosion6.png in Resources */ = {isa = PBXBuildFile; fileRef = 7374DE502978C10600BB4C98 /* smallexplosion6.png */; };
		7374DE8B2978C10600BB4C98 /* coin06.png in Resources */ = {isa = PBXBuildFile; fileRef = 7374DE512978C10600BB4C98 /* coin06.png */; };
		7374DE8C2978C10600BB4C98 /* cloud.png in Resources */ = {isa = PBXBuildFile; fileRef = 7374DE522978C10600BB4C98 /* cloud.png */; };
		7374DE8D2978C10600BB4C98 /* coin02.png in Resources */ = {isa = PBXBuildFile; fileRef = 7374DE532978C10600BB4C98 /* coin02.png */; };
		7374DE8E2978C10600BB4C98 /* smallexplosion2.png in Resources */ = {isa = PBXBuildFile; fileRef = 7374DE542978C10600BB4C98 /* smallexplosion2.png */; };
		7374DE8F2978C10600BB4C98 /* smallexplosion3.png in Resources */ = {isa = PBXBuildFile; fileRef = 7374DE552978C10600BB4C98 /* smallexplosion3.png */; };
		7374DE902978C10600BB4C98 /* coin03.png in Resources */ = {isa = PBXBuildFile; fileRef = 7374DE562978C10600BB4C98 /* coin03.png */; };
		7374DE912978C10600BB4C98 /* coin01.png in Resources */ = {isa = PBXBuildFile; fileRef = 7374DE572978C10600BB4C98 /* coin01.png */; };
		7374DE922978C10600BB4C98 /* smallexplosion1.png in Resources */ = {isa = PBXBuildFile; fileRef = 7374DE582978C10600BB4C98 /* smallexplosion1.png */; };
		7374DE932978C10600BB4C98 /* nextButton.png in Resources */ = {isa = PBXBuildFile; fileRef = 7374DE592978C10600BB4C98 /* nextButton.png */; };
		7374DE942978C10600BB4C98 /* explosion1.png in Resources */ = {isa = PBXBuildFile; fileRef = 7374DE5A2978C10600BB4C98 /* explosion1.png */; };
		7374DE952978C10600BB4C98 /* enemy1.png in Resources */ = {isa = PBXBuildFile; fileRef = 7374DE5B2978C10600BB4C98 /* enemy1.png */; };
		7374DE962978C10600BB4C98 /* explosion2.png in Resources */ = {isa = PBXBuildFile; fileRef = 7374DE5C2978C10600BB4C98 /* explosion2.png */; };
		7374DE972978C10600BB4C98 /* enemy3.png in Resources */ = {isa = PBXBuildFile; fileRef = 7374DE5D2978C10600BB4C98 /* enemy3.png */; };
		7374DE982978C10600BB4C98 /* enemy2.png in Resources */ = {isa = PBXBuildFile; fileRef = 7374DE5E2978C10600BB4C98 /* enemy2.png */; };
		7374DE992978C10600BB4C98 /* ocean.png in Resources */ = {isa = PBXBuildFile; fileRef = 7374DE5F2978C10600BB4C98 /* ocean.png */; };
		7374DE9A2978C10600BB4C98 /* explosion3.png in Resources */ = {isa = PBXBuildFile; fileRef = 7374DE602978C10600BB4C98 /* explosion3.png */; };
		7374DE9B2978C10600BB4C98 /* explosion7.png in Resources */ = {isa = PBXBuildFile; fileRef = 7374DE612978C10600BB4C98 /* explosion7.png */; };
		7374DE9C2978C10600BB4C98 /* startButton.png in Resources */ = {isa = PBXBuildFile; fileRef = 7374DE622978C10600BB4C98 /* startButton.png */; };
		7374DE9D2978C10600BB4C98 /* explosion6.png in Resources */ = {isa = PBXBuildFile; fileRef = 7374DE632978C10600BB4C98 /* explosion6.png */; };
		7374DE9E2978C10600BB4C98 /* explosion4.png in Resources */ = {isa = PBXBuildFile; fileRef = 7374DE642978C10600BB4C98 /* explosion4.png */; };
		7374DE9F2978C10600BB4C98 /* explosion5.png in Resources */ = {isa = PBXBuildFile; fileRef = 7374DE652978C10600BB4C98 /* explosion5.png */; };
		7374DEA02978C10600BB4C98 /* life.wav in Resources */ = {isa = PBXBuildFile; fileRef = 7374DE672978C10600BB4C98 /* life.wav */; };
		7374DEA12978C10600BB4C98 /* explosion.mp3 in Resources */ = {isa = PBXBuildFile; fileRef = 7374DE682978C10600BB4C98 /* explosion.mp3 */; };
		7374DEA22978C10600BB4C98 /* thunder.ogg in Resources */ = {isa = PBXBuildFile; fileRef = 7374DE692978C10600BB4C98 /* thunder.ogg */; };
		7374DEA32978C10600BB4C98 /* yay.ogg in Resources */ = {isa = PBXBuildFile; fileRef = 7374DE6A2978C10600BB4C98 /* yay.ogg */; };
		7374DEA42978C10600BB4C98 /* engine.ogg in Resources */ = {isa = PBXBuildFile; fileRef = 7374DE6B2978C10600BB4C98 /* engine.ogg */; };
		7374DEA52978C10600BB4C98 /* coin.wav in Resources */ = {isa = PBXBuildFile; fileRef = 7374DE6C2978C10600BB4C98 /* coin.wav */; };
		7374DEA62978C10600BB4C98 /* bullet.mp3 in Resources */ = {isa = PBXBuildFile; fileRef = 7374DE6D2978C10600BB4C98 /* bullet.mp3 */; };
		7374DEA72978C10600BB4C98 /* textureAtlas.png in Resources */ = {isa = PBXBuildFile; fileRef = 7374DE6F2978C10600BB4C98 /* textureAtlas.png */; };
		7374DEA82978C10600BB4C98 /* textureAtlas.json in Resources */ = {isa = PBXBuildFile; fileRef = 7374DE702978C10600BB4C98 /* textureAtlas.json */; };
		7374DEA92978C10600BB4C98 /* MailPilotDemoProject.tps in Resources */ = {isa = PBXBuildFile; fileRef = 7374DE712978C10600BB4C98 /* MailPilotDemoProject.tps */; };
		7374DEAA2978C10600BB4C98 /* dock51.woff in Resources */ = {isa = PBXBuildFile; fileRef = 7374DE732978C10600BB4C98 /* dock51.woff */; };
		7374DEAB2978C10600BB4C98 /* dock51.woff2 in Resources */ = {isa = PBXBuildFile; fileRef = 7374DE742978C10600BB4C98 /* dock51.woff2 */; };
		7374DEAC2978C10600BB4C98 /* Dock51.ttf in Resources */ = {isa = PBXBuildFile; fileRef = 7374DE752978C10600BB4C98 /* Dock51.ttf */; };
		7374DEAF2978C5E600BB4C98 /* GameObject.swift in Sources */ = {isa = PBXBuildFile; fileRef = 7374DEAE2978C5E600BB4C98 /* GameObject.swift */; };
/* End PBXBuildFile section */

/* Begin PBXFileReference section */
		73450827297BC538001D6B17 /* GameProtocol.swift */ = {isa = PBXFileReference; lastKnownFileType = sourcecode.swift; path = GameProtocol.swift; sourceTree = "<group>"; };
		7345082A297BC891001D6B17 /* Ocean.swift */ = {isa = PBXFileReference; lastKnownFileType = sourcecode.swift; path = Ocean.swift; sourceTree = "<group>"; };
		7345082C297BCD3F001D6B17 /* Player.swift */ = {isa = PBXFileReference; lastKnownFileType = sourcecode.swift; path = Player.swift; sourceTree = "<group>"; };
		7374DE202978BDF300BB4C98 /* ICE1.app */ = {isa = PBXFileReference; explicitFileType = wrapper.application; includeInIndex = 0; path = ICE1.app; sourceTree = BUILT_PRODUCTS_DIR; };
		7374DE232978BDF300BB4C98 /* AppDelegate.swift */ = {isa = PBXFileReference; lastKnownFileType = sourcecode.swift; path = AppDelegate.swift; sourceTree = "<group>"; };
		7374DE252978BDF300BB4C98 /* GameScene.sks */ = {isa = PBXFileReference; lastKnownFileType = file.sks; path = GameScene.sks; sourceTree = "<group>"; };
		7374DE292978BDF300BB4C98 /* GameScene.swift */ = {isa = PBXFileReference; lastKnownFileType = sourcecode.swift; path = GameScene.swift; sourceTree = "<group>"; };
		7374DE2B2978BDF300BB4C98 /* GameViewController.swift */ = {isa = PBXFileReference; lastKnownFileType = sourcecode.swift; path = GameViewController.swift; sourceTree = "<group>"; };
		7374DE2E2978BDF300BB4C98 /* Base */ = {isa = PBXFileReference; lastKnownFileType = file.storyboard; name = Base; path = Base.lproj/Main.storyboard; sourceTree = "<group>"; };
		7374DE302978BDF400BB4C98 /* Assets.xcassets */ = {isa = PBXFileReference; lastKnownFileType = folder.assetcatalog; path = Assets.xcassets; sourceTree = "<group>"; };
		7374DE332978BDF400BB4C98 /* Base */ = {isa = PBXFileReference; lastKnownFileType = file.storyboard; name = Base; path = Base.lproj/LaunchScreen.storyboard; sourceTree = "<group>"; };
		7374DE3C2978C10600BB4C98 /* bullet.png */ = {isa = PBXFileReference; lastKnownFileType = image.png; path = bullet.png; sourceTree = "<group>"; };
		7374DE3D2978C10600BB4C98 /* plane3.png */ = {isa = PBXFileReference; lastKnownFileType = image.png; path = plane3.png; sourceTree = "<group>"; };
		7374DE3E2978C10600BB4C98 /* plane2.png */ = {isa = PBXFileReference; lastKnownFileType = image.png; path = plane2.png; sourceTree = "<group>"; };
		7374DE3F2978C10600BB4C98 /* plane1.png */ = {isa = PBXFileReference; lastKnownFileType = image.png; path = plane1.png; sourceTree = "<group>"; };
		7374DE402978C10600BB4C98 /* backButton.png */ = {isa = PBXFileReference; lastKnownFileType = image.png; path = backButton.png; sourceTree = "<group>"; };
		7374DE412978C10600BB4C98 /* plane.png */ = {isa = PBXFileReference; lastKnownFileType = image.png; path = plane.png; sourceTree = "<group>"; };
		7374DE422978C10600BB4C98 /* island.png */ = {isa = PBXFileReference; lastKnownFileType = image.png; path = island.png; sourceTree = "<group>"; };
		7374DE432978C10600BB4C98 /* planeflash2.png */ = {isa = PBXFileReference; lastKnownFileType = image.png; path = planeflash2.png; sourceTree = "<group>"; };
		7374DE442978C10600BB4C98 /* clickMeButton.png */ = {isa = PBXFileReference; lastKnownFileType = image.png; path = clickMeButton.png; sourceTree = "<group>"; };
		7374DE452978C10600BB4C98 /* planeflash1.png */ = {isa = PBXFileReference; lastKnownFileType = image.png; path = planeflash1.png; sourceTree = "<group>"; };
		7374DE462978C10600BB4C98 /* ocean.gif */ = {isa = PBXFileReference; lastKnownFileType = image.gif; path = ocean.gif; sourceTree = "<group>"; };
		7374DE472978C10600BB4C98 /* coin08.png */ = {isa = PBXFileReference; lastKnownFileType = image.png; path = coin08.png; sourceTree = "<group>"; };
		7374DE482978C10600BB4C98 /* coin09.png */ = {isa = PBXFileReference; lastKnownFileType = image.png; path = coin09.png; sourceTree = "<group>"; };
		7374DE492978C10600BB4C98 /* restartButton.png */ = {isa = PBXFileReference; lastKnownFileType = image.png; path = restartButton.png; sourceTree = "<group>"; };
		7374DE4A2978C10600BB4C98 /* coin10.png */ = {isa = PBXFileReference; lastKnownFileType = image.png; path = coin10.png; sourceTree = "<group>"; };
		7374DE4B2978C10600BB4C98 /* coin04.png */ = {isa = PBXFileReference; lastKnownFileType = image.png; path = coin04.png; sourceTree = "<group>"; };
		7374DE4C2978C10600BB4C98 /* smallexplosion4.png */ = {isa = PBXFileReference; lastKnownFileType = image.png; path = smallexplosion4.png; sourceTree = "<group>"; };
		7374DE4D2978C10600BB4C98 /* smallexplosion5.png */ = {isa = PBXFileReference; lastKnownFileType = image.png; path = smallexplosion5.png; sourceTree = "<group>"; };
		7374DE4E2978C10600BB4C98 /* coin05.png */ = {isa = PBXFileReference; lastKnownFileType = image.png; path = coin05.png; sourceTree = "<group>"; };
		7374DE4F2978C10600BB4C98 /* coin07.png */ = {isa = PBXFileReference; lastKnownFileType = image.png; path = coin07.png; sourceTree = "<group>"; };
		7374DE502978C10600BB4C98 /* smallexplosion6.png */ = {isa = PBXFileReference; lastKnownFileType = image.png; path = smallexplosion6.png; sourceTree = "<group>"; };
		7374DE512978C10600BB4C98 /* coin06.png */ = {isa = PBXFileReference; lastKnownFileType = image.png; path = coin06.png; sourceTree = "<group>"; };
		7374DE522978C10600BB4C98 /* cloud.png */ = {isa = PBXFileReference; lastKnownFileType = image.png; path = cloud.png; sourceTree = "<group>"; };
		7374DE532978C10600BB4C98 /* coin02.png */ = {isa = PBXFileReference; lastKnownFileType = image.png; path = coin02.png; sourceTree = "<group>"; };
		7374DE542978C10600BB4C98 /* smallexplosion2.png */ = {isa = PBXFileReference; lastKnownFileType = image.png; path = smallexplosion2.png; sourceTree = "<group>"; };
		7374DE552978C10600BB4C98 /* smallexplosion3.png */ = {isa = PBXFileReference; lastKnownFileType = image.png; path = smallexplosion3.png; sourceTree = "<group>"; };
		7374DE562978C10600BB4C98 /* coin03.png */ = {isa = PBXFileReference; lastKnownFileType = image.png; path = coin03.png; sourceTree = "<group>"; };
		7374DE572978C10600BB4C98 /* coin01.png */ = {isa = PBXFileReference; lastKnownFileType = image.png; path = coin01.png; sourceTree = "<group>"; };
		7374DE582978C10600BB4C98 /* smallexplosion1.png */ = {isa = PBXFileReference; lastKnownFileType = image.png; path = smallexplosion1.png; sourceTree = "<group>"; };
		7374DE592978C10600BB4C98 /* nextButton.png */ = {isa = PBXFileReference; lastKnownFileType = image.png; path = nextButton.png; sourceTree = "<group>"; };
		7374DE5A2978C10600BB4C98 /* explosion1.png */ = {isa = PBXFileReference; lastKnownFileType = image.png; path = explosion1.png; sourceTree = "<group>"; };
		7374DE5B2978C10600BB4C98 /* enemy1.png */ = {isa = PBXFileReference; lastKnownFileType = image.png; path = enemy1.png; sourceTree = "<group>"; };
		7374DE5C2978C10600BB4C98 /* explosion2.png */ = {isa = PBXFileReference; lastKnownFileType = image.png; path = explosion2.png; sourceTree = "<group>"; };
		7374DE5D2978C10600BB4C98 /* enemy3.png */ = {isa = PBXFileReference; lastKnownFileType = image.png; path = enemy3.png; sourceTree = "<group>"; };
		7374DE5E2978C10600BB4C98 /* enemy2.png */ = {isa = PBXFileReference; lastKnownFileType = image.png; path = enemy2.png; sourceTree = "<group>"; };
		7374DE5F2978C10600BB4C98 /* ocean.png */ = {isa = PBXFileReference; lastKnownFileType = image.png; path = ocean.png; sourceTree = "<group>"; };
		7374DE602978C10600BB4C98 /* explosion3.png */ = {isa = PBXFileReference; lastKnownFileType = image.png; path = explosion3.png; sourceTree = "<group>"; };
		7374DE612978C10600BB4C98 /* explosion7.png */ = {isa = PBXFileReference; lastKnownFileType = image.png; path = explosion7.png; sourceTree = "<group>"; };
		7374DE622978C10600BB4C98 /* startButton.png */ = {isa = PBXFileReference; lastKnownFileType = image.png; path = startButton.png; sourceTree = "<group>"; };
		7374DE632978C10600BB4C98 /* explosion6.png */ = {isa = PBXFileReference; lastKnownFileType = image.png; path = explosion6.png; sourceTree = "<group>"; };
		7374DE642978C10600BB4C98 /* explosion4.png */ = {isa = PBXFileReference; lastKnownFileType = image.png; path = explosion4.png; sourceTree = "<group>"; };
		7374DE652978C10600BB4C98 /* explosion5.png */ = {isa = PBXFileReference; lastKnownFileType = image.png; path = explosion5.png; sourceTree = "<group>"; };
		7374DE672978C10600BB4C98 /* life.wav */ = {isa = PBXFileReference; lastKnownFileType = audio.wav; path = life.wav; sourceTree = "<group>"; };
		7374DE682978C10600BB4C98 /* explosion.mp3 */ = {isa = PBXFileReference; lastKnownFileType = audio.mp3; path = explosion.mp3; sourceTree = "<group>"; };
		7374DE692978C10600BB4C98 /* thunder.ogg */ = {isa = PBXFileReference; lastKnownFileType = file; path = thunder.ogg; sourceTree = "<group>"; };
		7374DE6A2978C10600BB4C98 /* yay.ogg */ = {isa = PBXFileReference; lastKnownFileType = file; path = yay.ogg; sourceTree = "<group>"; };
		7374DE6B2978C10600BB4C98 /* engine.ogg */ = {isa = PBXFileReference; lastKnownFileType = file; path = engine.ogg; sourceTree = "<group>"; };
		7374DE6C2978C10600BB4C98 /* coin.wav */ = {isa = PBXFileReference; lastKnownFileType = audio.wav; path = coin.wav; sourceTree = "<group>"; };
		7374DE6D2978C10600BB4C98 /* bullet.mp3 */ = {isa = PBXFileReference; lastKnownFileType = audio.mp3; path = bullet.mp3; sourceTree = "<group>"; };
		7374DE6F2978C10600BB4C98 /* textureAtlas.png */ = {isa = PBXFileReference; lastKnownFileType = image.png; path = textureAtlas.png; sourceTree = "<group>"; };
		7374DE702978C10600BB4C98 /* textureAtlas.json */ = {isa = PBXFileReference; fileEncoding = 4; lastKnownFileType = text.json; path = textureAtlas.json; sourceTree = "<group>"; };
		7374DE712978C10600BB4C98 /* MailPilotDemoProject.tps */ = {isa = PBXFileReference; fileEncoding = 4; lastKnownFileType = text.xml; path = MailPilotDemoProject.tps; sourceTree = "<group>"; };
		7374DE732978C10600BB4C98 /* dock51.woff */ = {isa = PBXFileReference; lastKnownFileType = file; path = dock51.woff; sourceTree = "<group>"; };
		7374DE742978C10600BB4C98 /* dock51.woff2 */ = {isa = PBXFileReference; lastKnownFileType = file; path = dock51.woff2; sourceTree = "<group>"; };
		7374DE752978C10600BB4C98 /* Dock51.ttf */ = {isa = PBXFileReference; lastKnownFileType = file; path = Dock51.ttf; sourceTree = "<group>"; };
		7374DEAE2978C5E600BB4C98 /* GameObject.swift */ = {isa = PBXFileReference; lastKnownFileType = sourcecode.swift; path = GameObject.swift; sourceTree = "<group>"; };
/* End PBXFileReference section */

/* Begin PBXFrameworksBuildPhase section */
		7374DE1D2978BDF300BB4C98 /* Frameworks */ = {
			isa = PBXFrameworksBuildPhase;
			buildActionMask = 2147483647;
			files = (
			);
			runOnlyForDeploymentPostprocessing = 0;
		};
/* End PBXFrameworksBuildPhase section */

/* Begin PBXGroup section */
		73450829297BC87E001D6B17 /* GameObjects */ = {
			isa = PBXGroup;
			children = (
				7345082A297BC891001D6B17 /* Ocean.swift */,
				7345082C297BCD3F001D6B17 /* Player.swift */,
			);
			path = GameObjects;
			sourceTree = "<group>";
		};
		7374DE172978BDF300BB4C98 = {
			isa = PBXGroup;
			children = (
				7374DE222978BDF300BB4C98 /* ICE1 */,
				7374DE212978BDF300BB4C98 /* Products */,
			);
			sourceTree = "<group>";
		};
		7374DE212978BDF300BB4C98 /* Products */ = {
			isa = PBXGroup;
			children = (
				7374DE202978BDF300BB4C98 /* ICE1.app */,
			);
			name = Products;
			sourceTree = "<group>";
		};
		7374DE222978BDF300BB4C98 /* ICE1 */ = {
			isa = PBXGroup;
			children = (
				73450829297BC87E001D6B17 /* GameObjects */,
				7374DEAD2978C5D200BB4C98 /* Core */,
				7374DE3A2978C10600BB4C98 /* Assets */,
				7374DE232978BDF300BB4C98 /* AppDelegate.swift */,
				7374DE252978BDF300BB4C98 /* GameScene.sks */,
				7374DE292978BDF300BB4C98 /* GameScene.swift */,
				7374DE2B2978BDF300BB4C98 /* GameViewController.swift */,
				7374DE2D2978BDF300BB4C98 /* Main.storyboard */,
				7374DE302978BDF400BB4C98 /* Assets.xcassets */,
				7374DE322978BDF400BB4C98 /* LaunchScreen.storyboard */,
			);
			path = ICE1;
			sourceTree = "<group>";
		};
		7374DE3A2978C10600BB4C98 /* Assets */ = {
			isa = PBXGroup;
			children = (
				7374DE3B2978C10600BB4C98 /* images */,
				7374DE662978C10600BB4C98 /* audio */,
				7374DE6E2978C10600BB4C98 /* sprites */,
				7374DE722978C10600BB4C98 /* fonts */,
			);
			path = Assets;
			sourceTree = "<group>";
		};
		7374DE3B2978C10600BB4C98 /* images */ = {
			isa = PBXGroup;
			children = (
				7374DE3C2978C10600BB4C98 /* bullet.png */,
				7374DE3D2978C10600BB4C98 /* plane3.png */,
				7374DE3E2978C10600BB4C98 /* plane2.png */,
				7374DE3F2978C10600BB4C98 /* plane1.png */,
				7374DE402978C10600BB4C98 /* backButton.png */,
				7374DE412978C10600BB4C98 /* plane.png */,
				7374DE422978C10600BB4C98 /* island.png */,
				7374DE432978C10600BB4C98 /* planeflash2.png */,
				7374DE442978C10600BB4C98 /* clickMeButton.png */,
				7374DE452978C10600BB4C98 /* planeflash1.png */,
				7374DE462978C10600BB4C98 /* ocean.gif */,
				7374DE472978C10600BB4C98 /* coin08.png */,
				7374DE482978C10600BB4C98 /* coin09.png */,
				7374DE492978C10600BB4C98 /* restartButton.png */,
				7374DE4A2978C10600BB4C98 /* coin10.png */,
				7374DE4B2978C10600BB4C98 /* coin04.png */,
				7374DE4C2978C10600BB4C98 /* smallexplosion4.png */,
				7374DE4D2978C10600BB4C98 /* smallexplosion5.png */,
				7374DE4E2978C10600BB4C98 /* coin05.png */,
				7374DE4F2978C10600BB4C98 /* coin07.png */,
				7374DE502978C10600BB4C98 /* smallexplosion6.png */,
				7374DE512978C10600BB4C98 /* coin06.png */,
				7374DE522978C10600BB4C98 /* cloud.png */,
				7374DE532978C10600BB4C98 /* coin02.png */,
				7374DE542978C10600BB4C98 /* smallexplosion2.png */,
				7374DE552978C10600BB4C98 /* smallexplosion3.png */,
				7374DE562978C10600BB4C98 /* coin03.png */,
				7374DE572978C10600BB4C98 /* coin01.png */,
				7374DE582978C10600BB4C98 /* smallexplosion1.png */,
				7374DE592978C10600BB4C98 /* nextButton.png */,
				7374DE5A2978C10600BB4C98 /* explosion1.png */,
				7374DE5B2978C10600BB4C98 /* enemy1.png */,
				7374DE5C2978C10600BB4C98 /* explosion2.png */,
				7374DE5D2978C10600BB4C98 /* enemy3.png */,
				7374DE5E2978C10600BB4C98 /* enemy2.png */,
				7374DE5F2978C10600BB4C98 /* ocean.png */,
				7374DE602978C10600BB4C98 /* explosion3.png */,
				7374DE612978C10600BB4C98 /* explosion7.png */,
				7374DE622978C10600BB4C98 /* startButton.png */,
				7374DE632978C10600BB4C98 /* explosion6.png */,
				7374DE642978C10600BB4C98 /* explosion4.png */,
				7374DE652978C10600BB4C98 /* explosion5.png */,
			);
			path = images;
			sourceTree = "<group>";
		};
		7374DE662978C10600BB4C98 /* audio */ = {
			isa = PBXGroup;
			children = (
				7374DE672978C10600BB4C98 /* life.wav */,
				7374DE682978C10600BB4C98 /* explosion.mp3 */,
				7374DE692978C10600BB4C98 /* thunder.ogg */,
				7374DE6A2978C10600BB4C98 /* yay.ogg */,
				7374DE6B2978C10600BB4C98 /* engine.ogg */,
				7374DE6C2978C10600BB4C98 /* coin.wav */,
				7374DE6D2978C10600BB4C98 /* bullet.mp3 */,
			);
			path = audio;
			sourceTree = "<group>";
		};
		7374DE6E2978C10600BB4C98 /* sprites */ = {
			isa = PBXGroup;
			children = (
				7374DE6F2978C10600BB4C98 /* textureAtlas.png */,
				7374DE702978C10600BB4C98 /* textureAtlas.json */,
				7374DE712978C10600BB4C98 /* MailPilotDemoProject.tps */,
			);
			path = sprites;
			sourceTree = "<group>";
		};
		7374DE722978C10600BB4C98 /* fonts */ = {
			isa = PBXGroup;
			children = (
				7374DE732978C10600BB4C98 /* dock51.woff */,
				7374DE742978C10600BB4C98 /* dock51.woff2 */,
				7374DE752978C10600BB4C98 /* Dock51.ttf */,
			);
			path = fonts;
			sourceTree = "<group>";
		};
		7374DEAD2978C5D200BB4C98 /* Core */ = {
			isa = PBXGroup;
			children = (
				7374DEAE2978C5E600BB4C98 /* GameObject.swift */,
				73450827297BC538001D6B17 /* GameProtocol.swift */,
			);
			path = Core;
			sourceTree = "<group>";
		};
/* End PBXGroup section */

/* Begin PBXNativeTarget section */
		7374DE1F2978BDF300BB4C98 /* ICE1 */ = {
			isa = PBXNativeTarget;
			buildConfigurationList = 7374DE372978BDF400BB4C98 /* Build configuration list for PBXNativeTarget "ICE1" */;
			buildPhases = (
				7374DE1C2978BDF300BB4C98 /* Sources */,
				7374DE1D2978BDF300BB4C98 /* Frameworks */,
				7374DE1E2978BDF300BB4C98 /* Resources */,
			);
			buildRules = (
			);
			dependencies = (
			);
			name = ICE1;
			productName = ICE1;
			productReference = 7374DE202978BDF300BB4C98 /* ICE1.app */;
			productType = "com.apple.product-type.application";
		};
/* End PBXNativeTarget section */

/* Begin PBXProject section */
		7374DE182978BDF300BB4C98 /* Project object */ = {
			isa = PBXProject;
			attributes = {
				BuildIndependentTargetsInParallel = 1;
				LastSwiftUpdateCheck = 1420;
				LastUpgradeCheck = 1420;
				TargetAttributes = {
					7374DE1F2978BDF300BB4C98 = {
						CreatedOnToolsVersion = 14.2;
					};
				};
			};
			buildConfigurationList = 7374DE1B2978BDF300BB4C98 /* Build configuration list for PBXProject "ICE1" */;
			compatibilityVersion = "Xcode 14.0";
			developmentRegion = en;
			hasScannedForEncodings = 0;
			knownRegions = (
				en,
				Base,
			);
			mainGroup = 7374DE172978BDF300BB4C98;
			productRefGroup = 7374DE212978BDF300BB4C98 /* Products */;
			projectDirPath = "";
			projectRoot = "";
			targets = (
				7374DE1F2978BDF300BB4C98 /* ICE1 */,
			);
		};
/* End PBXProject section */

/* Begin PBXResourcesBuildPhase section */
		7374DE1E2978BDF300BB4C98 /* Resources */ = {
			isa = PBXResourcesBuildPhase;
			buildActionMask = 2147483647;
			files = (
				7374DE962978C10600BB4C98 /* explosion2.png in Resources */,
				7374DE9F2978C10600BB4C98 /* explosion5.png in Resources */,
				7374DE8C2978C10600BB4C98 /* cloud.png in Resources */,
				7374DE992978C10600BB4C98 /* ocean.png in Resources */,
				7374DE2F2978BDF300BB4C98 /* Main.storyboard in Resources */,
				7374DE822978C10600BB4C98 /* coin09.png in Resources */,
				7374DE802978C10600BB4C98 /* ocean.gif in Resources */,
				7374DE952978C10600BB4C98 /* enemy1.png in Resources */,
				7374DE9C2978C10600BB4C98 /* startButton.png in Resources */,
				7374DEAA2978C10600BB4C98 /* dock51.woff in Resources */,
				7374DE922978C10600BB4C98 /* smallexplosion1.png in Resources */,
				7374DE7C2978C10600BB4C98 /* island.png in Resources */,
				7374DEA02978C10600BB4C98 /* life.wav in Resources */,
				7374DEA12978C10600BB4C98 /* explosion.mp3 in Resources */,
				7374DEA22978C10600BB4C98 /* thunder.ogg in Resources */,
				7374DE8B2978C10600BB4C98 /* coin06.png in Resources */,
				7374DE262978BDF300BB4C98 /* GameScene.sks in Resources */,
				7374DE9D2978C10600BB4C98 /* explosion6.png in Resources */,
				7374DE9A2978C10600BB4C98 /* explosion3.png in Resources */,
				7374DE9E2978C10600BB4C98 /* explosion4.png in Resources */,
				7374DE912978C10600BB4C98 /* coin01.png in Resources */,
				7374DE7B2978C10600BB4C98 /* plane.png in Resources */,
				7374DE8A2978C10600BB4C98 /* smallexplosion6.png in Resources */,
				7374DE882978C10600BB4C98 /* coin05.png in Resources */,
				7374DEAC2978C10600BB4C98 /* Dock51.ttf in Resources */,
				7374DE772978C10600BB4C98 /* plane3.png in Resources */,
				7374DE982978C10600BB4C98 /* enemy2.png in Resources */,
				7374DEA32978C10600BB4C98 /* yay.ogg in Resources */,
				7374DE8E2978C10600BB4C98 /* smallexplosion2.png in Resources */,
				7374DE762978C10600BB4C98 /* bullet.png in Resources */,
				7374DEAB2978C10600BB4C98 /* dock51.woff2 in Resources */,
				7374DE7A2978C10600BB4C98 /* backButton.png in Resources */,
				7374DE972978C10600BB4C98 /* enemy3.png in Resources */,
				7374DEA82978C10600BB4C98 /* textureAtlas.json in Resources */,
				7374DE312978BDF400BB4C98 /* Assets.xcassets in Resources */,
				7374DE9B2978C10600BB4C98 /* explosion7.png in Resources */,
				7374DE852978C10600BB4C98 /* coin04.png in Resources */,
				7374DE872978C10600BB4C98 /* smallexplosion5.png in Resources */,
				7374DE942978C10600BB4C98 /* explosion1.png in Resources */,
				7374DE8D2978C10600BB4C98 /* coin02.png in Resources */,
				7374DE342978BDF400BB4C98 /* LaunchScreen.storyboard in Resources */,
				7374DE902978C10600BB4C98 /* coin03.png in Resources */,
				7374DE8F2978C10600BB4C98 /* smallexplosion3.png in Resources */,
				7374DEA72978C10600BB4C98 /* textureAtlas.png in Resources */,
				7374DE792978C10600BB4C98 /* plane1.png in Resources */,
				7374DE862978C10600BB4C98 /* smallexplosion4.png in Resources */,
				7374DE7E2978C10600BB4C98 /* clickMeButton.png in Resources */,
				7374DEA62978C10600BB4C98 /* bullet.mp3 in Resources */,
				7374DE842978C10600BB4C98 /* coin10.png in Resources */,
				7374DEA42978C10600BB4C98 /* engine.ogg in Resources */,
				7374DE832978C10600BB4C98 /* restartButton.png in Resources */,
				7374DE7F2978C10600BB4C98 /* planeflash1.png in Resources */,
				7374DE7D2978C10600BB4C98 /* planeflash2.png in Resources */,
				7374DE932978C10600BB4C98 /* nextButton.png in Resources */,
				7374DE892978C10600BB4C98 /* coin07.png in Resources */,
				7374DEA92978C10600BB4C98 /* MailPilotDemoProject.tps in Resources */,
				7374DEA52978C10600BB4C98 /* coin.wav in Resources */,
				7374DE812978C10600BB4C98 /* coin08.png in Resources */,
				7374DE782978C10600BB4C98 /* plane2.png in Resources */,
			);
			runOnlyForDeploymentPostprocessing = 0;
		};
/* End PBXResourcesBuildPhase section */

/* Begin PBXSourcesBuildPhase section */
		7374DE1C2978BDF300BB4C98 /* Sources */ = {
			isa = PBXSourcesBuildPhase;
			buildActionMask = 2147483647;
			files = (
				7374DEAF2978C5E600BB4C98 /* GameObject.swift in Sources */,
				73450828297BC538001D6B17 /* GameProtocol.swift in Sources */,
				7374DE2A2978BDF300BB4C98 /* GameScene.swift in Sources */,
				7374DE2C2978BDF300BB4C98 /* GameViewController.swift in Sources */,
				7345082D297BCD3F001D6B17 /* Player.swift in Sources */,
				7345082B297BC891001D6B17 /* Ocean.swift in Sources */,
				7374DE242978BDF300BB4C98 /* AppDelegate.swift in Sources */,
			);
			runOnlyForDeploymentPostprocessing = 0;
		};
/* End PBXSourcesBuildPhase section */

/* Begin PBXVariantGroup section */
		7374DE2D2978BDF300BB4C98 /* Main.storyboard */ = {
			isa = PBXVariantGroup;
			children = (
				7374DE2E2978BDF300BB4C98 /* Base */,
			);
			name = Main.storyboard;
			sourceTree = "<group>";
		};
		7374DE322978BDF400BB4C98 /* LaunchScreen.storyboard */ = {
			isa = PBXVariantGroup;
			children = (
				7374DE332978BDF400BB4C98 /* Base */,
			);
			name = LaunchScreen.storyboard;
			sourceTree = "<group>";
		};
/* End PBXVariantGroup section */

/* Begin XCBuildConfiguration section */
		7374DE352978BDF400BB4C98 /* Debug */ = {
			isa = XCBuildConfiguration;
			buildSettings = {
				ALWAYS_SEARCH_USER_PATHS = NO;
				CLANG_ANALYZER_NONNULL = YES;
				CLANG_ANALYZER_NUMBER_OBJECT_CONVERSION = YES_AGGRESSIVE;
				CLANG_CXX_LANGUAGE_STANDARD = "gnu++20";
				CLANG_ENABLE_MODULES = YES;
				CLANG_ENABLE_OBJC_ARC = YES;
				CLANG_ENABLE_OBJC_WEAK = YES;
				CLANG_WARN_BLOCK_CAPTURE_AUTORELEASING = YES;
				CLANG_WARN_BOOL_CONVERSION = YES;
				CLANG_WARN_COMMA = YES;
				CLANG_WARN_CONSTANT_CONVERSION = YES;
				CLANG_WARN_DEPRECATED_OBJC_IMPLEMENTATIONS = YES;
				CLANG_WARN_DIRECT_OBJC_ISA_USAGE = YES_ERROR;
				CLANG_WARN_DOCUMENTATION_COMMENTS = YES;
				CLANG_WARN_EMPTY_BODY = YES;
				CLANG_WARN_ENUM_CONVERSION = YES;
				CLANG_WARN_INFINITE_RECURSION = YES;
				CLANG_WARN_INT_CONVERSION = YES;
				CLANG_WARN_NON_LITERAL_NULL_CONVERSION = YES;
				CLANG_WARN_OBJC_IMPLICIT_RETAIN_SELF = YES;
				CLANG_WARN_OBJC_LITERAL_CONVERSION = YES;
				CLANG_WARN_OBJC_ROOT_CLASS = YES_ERROR;
				CLANG_WARN_QUOTED_INCLUDE_IN_FRAMEWORK_HEADER = YES;
				CLANG_WARN_RANGE_LOOP_ANALYSIS = YES;
				CLANG_WARN_STRICT_PROTOTYPES = YES;
				CLANG_WARN_SUSPICIOUS_MOVE = YES;
				CLANG_WARN_UNGUARDED_AVAILABILITY = YES_AGGRESSIVE;
				CLANG_WARN_UNREACHABLE_CODE = YES;
				CLANG_WARN__DUPLICATE_METHOD_MATCH = YES;
				COPY_PHASE_STRIP = NO;
				DEBUG_INFORMATION_FORMAT = dwarf;
				ENABLE_STRICT_OBJC_MSGSEND = YES;
				ENABLE_TESTABILITY = YES;
				GCC_C_LANGUAGE_STANDARD = gnu11;
				GCC_DYNAMIC_NO_PIC = NO;
				GCC_NO_COMMON_BLOCKS = YES;
				GCC_OPTIMIZATION_LEVEL = 0;
				GCC_PREPROCESSOR_DEFINITIONS = (
					"DEBUG=1",
					"$(inherited)",
				);
				GCC_WARN_64_TO_32_BIT_CONVERSION = YES;
				GCC_WARN_ABOUT_RETURN_TYPE = YES_ERROR;
				GCC_WARN_UNDECLARED_SELECTOR = YES;
				GCC_WARN_UNINITIALIZED_AUTOS = YES_AGGRESSIVE;
				GCC_WARN_UNUSED_FUNCTION = YES;
				GCC_WARN_UNUSED_VARIABLE = YES;
				IPHONEOS_DEPLOYMENT_TARGET = 16.2;
				MTL_ENABLE_DEBUG_INFO = INCLUDE_SOURCE;
				MTL_FAST_MATH = YES;
				ONLY_ACTIVE_ARCH = YES;
				SDKROOT = iphoneos;
				SWIFT_ACTIVE_COMPILATION_CONDITIONS = DEBUG;
				SWIFT_OPTIMIZATION_LEVEL = "-Onone";
			};
			name = Debug;
		};
		7374DE362978BDF400BB4C98 /* Release */ = {
			isa = XCBuildConfiguration;
			buildSettings = {
				ALWAYS_SEARCH_USER_PATHS = NO;
				CLANG_ANALYZER_NONNULL = YES;
				CLANG_ANALYZER_NUMBER_OBJECT_CONVERSION = YES_AGGRESSIVE;
				CLANG_CXX_LANGUAGE_STANDARD = "gnu++20";
				CLANG_ENABLE_MODULES = YES;
				CLANG_ENABLE_OBJC_ARC = YES;
				CLANG_ENABLE_OBJC_WEAK = YES;
				CLANG_WARN_BLOCK_CAPTURE_AUTORELEASING = YES;
				CLANG_WARN_BOOL_CONVERSION = YES;
				CLANG_WARN_COMMA = YES;
				CLANG_WARN_CONSTANT_CONVERSION = YES;
				CLANG_WARN_DEPRECATED_OBJC_IMPLEMENTATIONS = YES;
				CLANG_WARN_DIRECT_OBJC_ISA_USAGE = YES_ERROR;
				CLANG_WARN_DOCUMENTATION_COMMENTS = YES;
				CLANG_WARN_EMPTY_BODY = YES;
				CLANG_WARN_ENUM_CONVERSION = YES;
				CLANG_WARN_INFINITE_RECURSION = YES;
				CLANG_WARN_INT_CONVERSION = YES;
				CLANG_WARN_NON_LITERAL_NULL_CONVERSION = YES;
				CLANG_WARN_OBJC_IMPLICIT_RETAIN_SELF = YES;
				CLANG_WARN_OBJC_LITERAL_CONVERSION = YES;
				CLANG_WARN_OBJC_ROOT_CLASS = YES_ERROR;
				CLANG_WARN_QUOTED_INCLUDE_IN_FRAMEWORK_HEADER = YES;
				CLANG_WARN_RANGE_LOOP_ANALYSIS = YES;
				CLANG_WARN_STRICT_PROTOTYPES = YES;
				CLANG_WARN_SUSPICIOUS_MOVE = YES;
				CLANG_WARN_UNGUARDED_AVAILABILITY = YES_AGGRESSIVE;
				CLANG_WARN_UNREACHABLE_CODE = YES;
				CLANG_WARN__DUPLICATE_METHOD_MATCH = YES;
				COPY_PHASE_STRIP = NO;
				DEBUG_INFORMATION_FORMAT = "dwarf-with-dsym";
				ENABLE_NS_ASSERTIONS = NO;
				ENABLE_STRICT_OBJC_MSGSEND = YES;
				GCC_C_LANGUAGE_STANDARD = gnu11;
				GCC_NO_COMMON_BLOCKS = YES;
				GCC_WARN_64_TO_32_BIT_CONVERSION = YES;
				GCC_WARN_ABOUT_RETURN_TYPE = YES_ERROR;
				GCC_WARN_UNDECLARED_SELECTOR = YES;
				GCC_WARN_UNINITIALIZED_AUTOS = YES_AGGRESSIVE;
				GCC_WARN_UNUSED_FUNCTION = YES;
				GCC_WARN_UNUSED_VARIABLE = YES;
				IPHONEOS_DEPLOYMENT_TARGET = 16.2;
				MTL_ENABLE_DEBUG_INFO = NO;
				MTL_FAST_MATH = YES;
				SDKROOT = iphoneos;
				SWIFT_COMPILATION_MODE = wholemodule;
				SWIFT_OPTIMIZATION_LEVEL = "-O";
				VALIDATE_PRODUCT = YES;
			};
			name = Release;
		};
		7374DE382978BDF400BB4C98 /* Debug */ = {
			isa = XCBuildConfiguration;
			buildSettings = {
				ASSETCATALOG_COMPILER_APPICON_NAME = AppIcon;
				ASSETCATALOG_COMPILER_GLOBAL_ACCENT_COLOR_NAME = AccentColor;
				CODE_SIGN_STYLE = Automatic;
				CURRENT_PROJECT_VERSION = 1;
				DEVELOPMENT_TEAM = 5GLSY64466;
				GENERATE_INFOPLIST_FILE = YES;
				INFOPLIST_KEY_UIApplicationSupportsIndirectInputEvents = YES;
				INFOPLIST_KEY_UILaunchStoryboardName = LaunchScreen;
				INFOPLIST_KEY_UIMainStoryboardFile = Main;
				INFOPLIST_KEY_UIStatusBarHidden = YES;
				INFOPLIST_KEY_UISupportedInterfaceOrientations_iPad = "UIInterfaceOrientationPortrait UIInterfaceOrientationPortraitUpsideDown UIInterfaceOrientationLandscapeLeft UIInterfaceOrientationLandscapeRight";
				INFOPLIST_KEY_UISupportedInterfaceOrientations_iPhone = "UIInterfaceOrientationPortrait UIInterfaceOrientationLandscapeLeft UIInterfaceOrientationLandscapeRight";
				LD_RUNPATH_SEARCH_PATHS = (
					"$(inherited)",
					"@executable_path/Frameworks",
				);
				MARKETING_VERSION = 1.0;
				PRODUCT_BUNDLE_IDENTIFIER = ca.centennialcollege.ICE1;
				PRODUCT_NAME = "$(TARGET_NAME)";
				SWIFT_EMIT_LOC_STRINGS = YES;
				SWIFT_VERSION = 5.0;
				TARGETED_DEVICE_FAMILY = "1,2";
			};
			name = Debug;
		};
		7374DE392978BDF400BB4C98 /* Release */ = {
			isa = XCBuildConfiguration;
			buildSettings = {
				ASSETCATALOG_COMPILER_APPICON_NAME = AppIcon;
				ASSETCATALOG_COMPILER_GLOBAL_ACCENT_COLOR_NAME = AccentColor;
				CODE_SIGN_STYLE = Automatic;
				CURRENT_PROJECT_VERSION = 1;
				DEVELOPMENT_TEAM = 5GLSY64466;
				GENERATE_INFOPLIST_FILE = YES;
				INFOPLIST_KEY_UIApplicationSupportsIndirectInputEvents = YES;
				INFOPLIST_KEY_UILaunchStoryboardName = LaunchScreen;
				INFOPLIST_KEY_UIMainStoryboardFile = Main;
				INFOPLIST_KEY_UIStatusBarHidden = YES;
				INFOPLIST_KEY_UISupportedInterfaceOrientations_iPad = "UIInterfaceOrientationPortrait UIInterfaceOrientationPortraitUpsideDown UIInterfaceOrientationLandscapeLeft UIInterfaceOrientationLandscapeRight";
				INFOPLIST_KEY_UISupportedInterfaceOrientations_iPhone = "UIInterfaceOrientationPortrait UIInterfaceOrientationLandscapeLeft UIInterfaceOrientationLandscapeRight";
				LD_RUNPATH_SEARCH_PATHS = (
					"$(inherited)",
					"@executable_path/Frameworks",
				);
				MARKETING_VERSION = 1.0;
				PRODUCT_BUNDLE_IDENTIFIER = ca.centennialcollege.ICE1;
				PRODUCT_NAME = "$(TARGET_NAME)";
				SWIFT_EMIT_LOC_STRINGS = YES;
				SWIFT_VERSION = 5.0;
				TARGETED_DEVICE_FAMILY = "1,2";
			};
			name = Release;
		};
/* End XCBuildConfiguration section */

/* Begin XCConfigurationList section */
		7374DE1B2978BDF300BB4C98 /* Build configuration list for PBXProject "ICE1" */ = {
			isa = XCConfigurationList;
			buildConfigurations = (
				7374DE352978BDF400BB4C98 /* Debug */,
				7374DE362978BDF400BB4C98 /* Release */,
			);
			defaultConfigurationIsVisible = 0;
			defaultConfigurationName = Release;
		};
		7374DE372978BDF400BB4C98 /* Build configuration list for PBXNativeTarget "ICE1" */ = {
			isa = XCConfigurationList;
			buildConfigurations = (
				7374DE382978BDF400BB4C98 /* Debug */,
				7374DE392978BDF400BB4C98 /* Release */,
			);
			defaultConfigurationIsVisible = 0;
			defaultConfigurationName = Release;
		};
/* End XCConfigurationList section */
	};
	rootObject = 7374DE182978BDF300BB4C98 /* Project object */;
}
